
Microsoft Visual Studio Solution File, Format Version 12.00
# Visual Studio Version 17
VisualStudioVersion = 17.14.36310.24
MinimumVisualStudioVersion = 10.0.40219.1
Project("{FAE04EC0-301F-11D3-BF4B-00C04F79EFBC}") = "DBCreateer", "DBCreateer\DBCreateer.csproj", "{872EEC4B-8DDF-4FCE-8F4A-8F49250CB275}"
EndProject
Project("{FAE04EC0-301F-11D3-BF4B-00C04F79EFBC}") = "DBExtractor", "DBExtractor\DBExtractor.csproj", "{63E07325-F3C9-41ED-9413-B37811ECDFEE}"
EndProject
Project("{2150E333-8FDC-42A3-9474-1A3956D46DE8}") = "Android", "Android", "{02EA681E-C7D8-13C7-8484-4AC65E1B71E8}"
EndProject
Project("{FAE04EC0-301F-11D3-BF4B-00C04F79EFBC}") = "VocableTrainer.Android.Xamarin", "VocableTrainer_xamarin\VocableTrainer.Android\VocableTrainer.Android.Xamarin.csproj", "{EFE4EE4F-EAB5-4609-BB88-26D41123BCFB}"
EndProject
Project("{FAE04EC0-301F-11D3-BF4B-00C04F79EFBC}") = "VocableTrainer.Android", "VocableTrainer.Android\VocableTrainer.Android.csproj", "{D486E83F-5E42-2ED2-3D93-2AEA8528B108}"
EndProject
Project("{FAE04EC0-301F-11D3-BF4B-00C04F79EFBC}") = "VocableTrainer.Controls", "VocableTrainer.Controls\VocableTrainer.Controls.csproj", "{FFB6BD97-36A4-63FC-F824-70894C70713E}"
EndProject
Project("{FAE04EC0-301F-11D3-BF4B-00C04F79EFBC}") = "VocableTrainer.Maui", "VocableTrainer.Maui\VocableTrainer.Maui.csproj", "{D681CC3B-93D4-446B-8C8A-D69A4FF89AB4}"
EndProject
Global
	GlobalSection(SolutionConfigurationPlatforms) = preSolution
		Debug|Any CPU = Debug|Any CPU
		Release|Any CPU = Release|Any CPU
	EndGlobalSection
	GlobalSection(ProjectConfigurationPlatforms) = postSolution
		{872EEC4B-8DDF-4FCE-8F4A-8F49250CB275}.Debug|Any CPU.ActiveCfg = Debug|Any CPU
		{872EEC4B-8DDF-4FCE-8F4A-8F49250CB275}.Debug|Any CPU.Build.0 = Debug|Any CPU
		{872EEC4B-8DDF-4FCE-8F4A-8F49250CB275}.Release|Any CPU.ActiveCfg = Release|Any CPU
		{872EEC4B-8DDF-4FCE-8F4A-8F49250CB275}.Release|Any CPU.Build.0 = Release|Any CPU
		{63E07325-F3C9-41ED-9413-B37811ECDFEE}.Debug|Any CPU.ActiveCfg = Debug|Any CPU
		{63E07325-F3C9-41ED-9413-B37811ECDFEE}.Debug|Any CPU.Build.0 = Debug|Any CPU
		{63E07325-F3C9-41ED-9413-B37811ECDFEE}.Release|Any CPU.ActiveCfg = Release|Any CPU
		{63E07325-F3C9-41ED-9413-B37811ECDFEE}.Release|Any CPU.Build.0 = Release|Any CPU
		{EFE4EE4F-EAB5-4609-BB88-26D41123BCFB}.Debug|Any CPU.ActiveCfg = Debug|Any CPU
		{EFE4EE4F-EAB5-4609-BB88-26D41123BCFB}.Debug|Any CPU.Build.0 = Debug|Any CPU
		{EFE4EE4F-EAB5-4609-BB88-26D41123BCFB}.Debug|Any CPU.Deploy.0 = Debug|Any CPU
		{EFE4EE4F-EAB5-4609-BB88-26D41123BCFB}.Release|Any CPU.ActiveCfg = Release|Any CPU
		{EFE4EE4F-EAB5-4609-BB88-26D41123BCFB}.Release|Any CPU.Build.0 = Release|Any CPU
		{EFE4EE4F-EAB5-4609-BB88-26D41123BCFB}.Release|Any CPU.Deploy.0 = Release|Any CPU
		{D486E83F-5E42-2ED2-3D93-2AEA8528B108}.Debug|Any CPU.ActiveCfg = Debug|Any CPU
		{D486E83F-5E42-2ED2-3D93-2AEA8528B108}.Debug|Any CPU.Build.0 = Debug|Any CPU
		{D486E83F-5E42-2ED2-3D93-2AEA8528B108}.Debug|Any CPU.Deploy.0 = Debug|Any CPU
		{D486E83F-5E42-2ED2-3D93-2AEA8528B108}.Release|Any CPU.ActiveCfg = Release|Any CPU
		{D486E83F-5E42-2ED2-3D93-2AEA8528B108}.Release|Any CPU.Build.0 = Release|Any CPU
		{D486E83F-5E42-2ED2-3D93-2AEA8528B108}.Release|Any CPU.Deploy.0 = Release|Any CPU
		{FFB6BD97-36A4-63FC-F824-70894C70713E}.Debug|Any CPU.ActiveCfg = Debug|Any CPU
		{FFB6BD97-36A4-63FC-F824-70894C70713E}.Debug|Any CPU.Build.0 = Debug|Any CPU
		{FFB6BD97-36A4-63FC-F824-70894C70713E}.Release|Any CPU.ActiveCfg = Release|Any CPU
		{FFB6BD97-36A4-63FC-F824-70894C70713E}.Release|Any CPU.Build.0 = Release|Any CPU
		{D681CC3B-93D4-446B-8C8A-D69A4FF89AB4}.Debug|Any CPU.ActiveCfg = Debug|Any CPU
		{D681CC3B-93D4-446B-8C8A-D69A4FF89AB4}.Debug|Any CPU.Build.0 = Debug|Any CPU
		{D681CC3B-93D4-446B-8C8A-D69A4FF89AB4}.Release|Any CPU.ActiveCfg = Release|Any CPU
		{D681CC3B-93D4-446B-8C8A-D69A4FF89AB4}.Release|Any CPU.Build.0 = Release|Any CPU
	EndGlobalSection
	GlobalSection(SolutionProperties) = preSolution
		HideSolutionNode = FALSE
	EndGlobalSection
	GlobalSection(NestedProjects) = preSolution
		{EFE4EE4F-EAB5-4609-BB88-26D41123BCFB} = {02EA681E-C7D8-13C7-8484-4AC65E1B71E8}
		{D486E83F-5E42-2ED2-3D93-2AEA8528B108} = {02EA681E-C7D8-13C7-8484-4AC65E1B71E8}
		{FFB6BD97-36A4-63FC-F824-70894C70713E} = {02EA681E-C7D8-13C7-8484-4AC65E1B71E8}
		{D681CC3B-93D4-446B-8C8A-D69A4FF89AB4} = {02EA681E-C7D8-13C7-8484-4AC65E1B71E8}
	EndGlobalSection
	GlobalSection(ExtensibilityGlobals) = postSolution
		SolutionGuid = {C6179102-5773-465A-BF5C-87384CC9127B}
	EndGlobalSection
EndGlobal
