
Microsoft Visual Studio Solution File, Format Version 12.00
# Visual Studio Version 16
VisualStudioVersion = 16.0.30611.23
MinimumVisualStudioVersion = 10.0.40219.1
Project("{FAE04EC0-301F-11D3-BF4B-00C04F79EFBC}") = "VocableTrainer.Android", "VocableTrainer\VocableTrainer.Android\VocableTrainer.Android.csproj", "{EFE4EE4F-EAB5-4609-BB88-26D41123BCFB}"
EndProject
Project("{9A19103F-16F7-4668-BE54-9A1E7A4F7556}") = "VocableTrainer", "VocableTrainer\VocableTrainer\VocableTrainer.csproj", "{60FA5EBF-AFD0-495D-BC04-5F7849B61BCE}"
EndProject
Project("{FAE04EC0-301F-11D3-BF4B-00C04F79EFBC}") = "DBCreateer", "DBCreateer\DBCreateer.csproj", "{872EEC4B-8DDF-4FCE-8F4A-8F49250CB275}"
EndProject
Global
	GlobalSection(SolutionConfigurationPlatforms) = preSolution
		Debug|Any CPU = Debug|Any CPU
		Release|Any CPU = Release|Any CPU
	EndGlobalSection
	GlobalSection(ProjectConfigurationPlatforms) = postSolution
		{EFE4EE4F-EAB5-4609-BB88-26D41123BCFB}.Debug|Any CPU.ActiveCfg = Debug|Any CPU
		{EFE4EE4F-EAB5-4609-BB88-26D41123BCFB}.Debug|Any CPU.Build.0 = Debug|Any CPU
		{EFE4EE4F-EAB5-4609-BB88-26D41123BCFB}.Debug|Any CPU.Deploy.0 = Debug|Any CPU
		{EFE4EE4F-EAB5-4609-BB88-26D41123BCFB}.Release|Any CPU.ActiveCfg = Release|Any CPU
		{EFE4EE4F-EAB5-4609-BB88-26D41123BCFB}.Release|Any CPU.Build.0 = Release|Any CPU
		{EFE4EE4F-EAB5-4609-BB88-26D41123BCFB}.Release|Any CPU.Deploy.0 = Release|Any CPU
		{60FA5EBF-AFD0-495D-BC04-5F7849B61BCE}.Debug|Any CPU.ActiveCfg = Debug|Any CPU
		{60FA5EBF-AFD0-495D-BC04-5F7849B61BCE}.Debug|Any CPU.Build.0 = Debug|Any CPU
		{60FA5EBF-AFD0-495D-BC04-5F7849B61BCE}.Release|Any CPU.ActiveCfg = Release|Any CPU
		{60FA5EBF-AFD0-495D-BC04-5F7849B61BCE}.Release|Any CPU.Build.0 = Release|Any CPU
		{872EEC4B-8DDF-4FCE-8F4A-8F49250CB275}.Debug|Any CPU.ActiveCfg = Debug|Any CPU
		{872EEC4B-8DDF-4FCE-8F4A-8F49250CB275}.Debug|Any CPU.Build.0 = Debug|Any CPU
		{872EEC4B-8DDF-4FCE-8F4A-8F49250CB275}.Release|Any CPU.ActiveCfg = Release|Any CPU
		{872EEC4B-8DDF-4FCE-8F4A-8F49250CB275}.Release|Any CPU.Build.0 = Release|Any CPU
	EndGlobalSection
	GlobalSection(SolutionProperties) = preSolution
		HideSolutionNode = FALSE
	EndGlobalSection
	GlobalSection(ExtensibilityGlobals) = postSolution
		SolutionGuid = {C6179102-5773-465A-BF5C-87384CC9127B}
	EndGlobalSection
EndGlobal
